// !$*UTF8*$!
{
	archiveVersion = 1;
	classes = {
	};
	objectVersion = 46;
	objects = {

/* Begin PBXBuildFile section */
		BB18370F1F4FED4A003AED4B /* HoustonTempViewController.swift in Sources */ = {isa = PBXBuildFile; fileRef = BB18370E1F4FED49003AED4B /* HoustonTempViewController.swift */; };
		BB84EA001F4F440E00082C2A /* AppDelegate.swift in Sources */ = {isa = PBXBuildFile; fileRef = BB84E9FF1F4F440E00082C2A /* AppDelegate.swift */; };
		BB84EA021F4F440E00082C2A /* ViewController.swift in Sources */ = {isa = PBXBuildFile; fileRef = BB84EA011F4F440E00082C2A /* ViewController.swift */; };
		BB84EA051F4F440E00082C2A /* Main.storyboard in Resources */ = {isa = PBXBuildFile; fileRef = BB84EA031F4F440E00082C2A /* Main.storyboard */; };
		BB84EA071F4F440E00082C2A /* Assets.xcassets in Resources */ = {isa = PBXBuildFile; fileRef = BB84EA061F4F440E00082C2A /* Assets.xcassets */; };
		BB84EA0A1F4F440E00082C2A /* LaunchScreen.storyboard in Resources */ = {isa = PBXBuildFile; fileRef = BB84EA081F4F440E00082C2A /* LaunchScreen.storyboard */; };
		FBFC5F4A032E7BA4483FFF7F /* Pods_WeatherInHouston.framework in Frameworks */ = {isa = PBXBuildFile; fileRef = 0D337F801EBA009DCEE1C03C /* Pods_WeatherInHouston.framework */; };
/* End PBXBuildFile section */

/* Begin PBXFileReference section */
		0D337F801EBA009DCEE1C03C /* Pods_WeatherInHouston.framework */ = {isa = PBXFileReference; explicitFileType = wrapper.framework; includeInIndex = 0; path = Pods_WeatherInHouston.framework; sourceTree = BUILT_PRODUCTS_DIR; };
		2B6743240B851399EE926A6B /* Pods-WeatherInHouston.debug.xcconfig */ = {isa = PBXFileReference; includeInIndex = 1; lastKnownFileType = text.xcconfig; name = "Pods-WeatherInHouston.debug.xcconfig"; path = "Pods/Target Support Files/Pods-WeatherInHouston/Pods-WeatherInHouston.debug.xcconfig"; sourceTree = "<group>"; };
		967007A9634BF78007C175F6 /* Pods-WeatherInHouston.release.xcconfig */ = {isa = PBXFileReference; includeInIndex = 1; lastKnownFileType = text.xcconfig; name = "Pods-WeatherInHouston.release.xcconfig"; path = "Pods/Target Support Files/Pods-WeatherInHouston/Pods-WeatherInHouston.release.xcconfig"; sourceTree = "<group>"; };
		BB18370E1F4FED49003AED4B /* HoustonTempViewController.swift */ = {isa = PBXFileReference; fileEncoding = 4; lastKnownFileType = sourcecode.swift; path = HoustonTempViewController.swift; sourceTree = "<group>"; };
		BB84E9FC1F4F440E00082C2A /* WeatherInHouston.app */ = {isa = PBXFileReference; explicitFileType = wrapper.application; includeInIndex = 0; path = WeatherInHouston.app; sourceTree = BUILT_PRODUCTS_DIR; };
		BB84E9FF1F4F440E00082C2A /* AppDelegate.swift */ = {isa = PBXFileReference; lastKnownFileType = sourcecode.swift; path = AppDelegate.swift; sourceTree = "<group>"; };
		BB84EA011F4F440E00082C2A /* ViewController.swift */ = {isa = PBXFileReference; lastKnownFileType = sourcecode.swift; path = ViewController.swift; sourceTree = "<group>"; };
		BB84EA041F4F440E00082C2A /* Base */ = {isa = PBXFileReference; lastKnownFileType = file.storyboard; name = Base; path = Base.lproj/Main.storyboard; sourceTree = "<group>"; };
		BB84EA061F4F440E00082C2A /* Assets.xcassets */ = {isa = PBXFileReference; lastKnownFileType = folder.assetcatalog; path = Assets.xcassets; sourceTree = "<group>"; };
		BB84EA091F4F440E00082C2A /* Base */ = {isa = PBXFileReference; lastKnownFileType = file.storyboard; name = Base; path = Base.lproj/LaunchScreen.storyboard; sourceTree = "<group>"; };
		BB84EA0B1F4F440E00082C2A /* Info.plist */ = {isa = PBXFileReference; lastKnownFileType = text.plist.xml; path = Info.plist; sourceTree = "<group>"; };
/* End PBXFileReference section */

/* Begin PBXFrameworksBuildPhase section */
		BB84E9F91F4F440E00082C2A /* Frameworks */ = {
			isa = PBXFrameworksBuildPhase;
			buildActionMask = 2147483647;
			files = (
				FBFC5F4A032E7BA4483FFF7F /* Pods_WeatherInHouston.framework in Frameworks */,
			);
			runOnlyForDeploymentPostprocessing = 0;
		};
/* End PBXFrameworksBuildPhase section */

/* Begin PBXGroup section */
		29D602449B4A5BAD29F3294F /* Frameworks */ = {
			isa = PBXGroup;
			children = (
				0D337F801EBA009DCEE1C03C /* Pods_WeatherInHouston.framework */,
			);
			name = Frameworks;
			sourceTree = "<group>";
		};
		BB84E9F31F4F440E00082C2A = {
			isa = PBXGroup;
			children = (
				BB84E9FE1F4F440E00082C2A /* WeatherInHouston */,
				BB84E9FD1F4F440E00082C2A /* Products */,
				C5955E21D050925AD373E6E9 /* Pods */,
				29D602449B4A5BAD29F3294F /* Frameworks */,
			);
			sourceTree = "<group>";
		};
		BB84E9FD1F4F440E00082C2A /* Products */ = {
			isa = PBXGroup;
			children = (
				BB84E9FC1F4F440E00082C2A /* WeatherInHouston.app */,
			);
			name = Products;
			sourceTree = "<group>";
		};
		BB84E9FE1F4F440E00082C2A /* WeatherInHouston */ = {
			isa = PBXGroup;
			children = (
				BB84E9FF1F4F440E00082C2A /* AppDelegate.swift */,
				BB84EA011F4F440E00082C2A /* ViewController.swift */,
				BB18370E1F4FED49003AED4B /* HoustonTempViewController.swift */,
				BB84EA031F4F440E00082C2A /* Main.storyboard */,
				BB84EA061F4F440E00082C2A /* Assets.xcassets */,
				BB84EA081F4F440E00082C2A /* LaunchScreen.storyboard */,
				BB84EA0B1F4F440E00082C2A /* Info.plist */,
			);
			path = WeatherInHouston;
			sourceTree = "<group>";
		};
		C5955E21D050925AD373E6E9 /* Pods */ = {
			isa = PBXGroup;
			children = (
				2B6743240B851399EE926A6B /* Pods-WeatherInHouston.debug.xcconfig */,
				967007A9634BF78007C175F6 /* Pods-WeatherInHouston.release.xcconfig */,
			);
			name = Pods;
			sourceTree = "<group>";
		};
/* End PBXGroup section */

/* Begin PBXNativeTarget section */
		BB84E9FB1F4F440E00082C2A /* WeatherInHouston */ = {
			isa = PBXNativeTarget;
			buildConfigurationList = BB84EA0E1F4F440E00082C2A /* Build configuration list for PBXNativeTarget "WeatherInHouston" */;
			buildPhases = (
				5738319A5CDFCD4F4FD71DA1 /* [CP] Check Pods Manifest.lock */,
				BB84E9F81F4F440E00082C2A /* Sources */,
				BB84E9F91F4F440E00082C2A /* Frameworks */,
				BB84E9FA1F4F440E00082C2A /* Resources */,
				0D582A104C2F751157825B8C /* [CP] Embed Pods Frameworks */,
				1E3B5CC10C83D069BF0528B9 /* [CP] Copy Pods Resources */,
			);
			buildRules = (
			);
			dependencies = (
			);
			name = WeatherInHouston;
			productName = WeatherInHouston;
			productReference = BB84E9FC1F4F440E00082C2A /* WeatherInHouston.app */;
			productType = "com.apple.product-type.application";
		};
/* End PBXNativeTarget section */

/* Begin PBXProject section */
		BB84E9F41F4F440E00082C2A /* Project object */ = {
			isa = PBXProject;
			attributes = {
				LastSwiftUpdateCheck = 0830;
				LastUpgradeCheck = 0830;
				ORGANIZATIONNAME = "Hannah Lin";
				TargetAttributes = {
					BB84E9FB1F4F440E00082C2A = {
						CreatedOnToolsVersion = 8.3.3;
						DevelopmentTeam = L77E887VX5;
						ProvisioningStyle = Automatic;
					};
				};
			};
			buildConfigurationList = BB84E9F71F4F440E00082C2A /* Build configuration list for PBXProject "WeatherInHouston" */;
			compatibilityVersion = "Xcode 3.2";
			developmentRegion = English;
			hasScannedForEncodings = 0;
			knownRegions = (
				en,
				Base,
			);
			mainGroup = BB84E9F31F4F440E00082C2A;
			productRefGroup = BB84E9FD1F4F440E00082C2A /* Products */;
			projectDirPath = "";
			projectRoot = "";
			targets = (
				BB84E9FB1F4F440E00082C2A /* WeatherInHouston */,
			);
		};
/* End PBXProject section */

/* Begin PBXResourcesBuildPhase section */
		BB84E9FA1F4F440E00082C2A /* Resources */ = {
			isa = PBXResourcesBuildPhase;
			buildActionMask = 2147483647;
			files = (
				BB84EA0A1F4F440E00082C2A /* LaunchScreen.storyboard in Resources */,
				BB84EA071F4F440E00082C2A /* Assets.xcassets in Resources */,
				BB84EA051F4F440E00082C2A /* Main.storyboard in Resources */,
			);
			runOnlyForDeploymentPostprocessing = 0;
		};
/* End PBXResourcesBuildPhase section */

/* Begin PBXShellScriptBuildPhase section */
		0D582A104C2F751157825B8C /* [CP] Embed Pods Frameworks */ = {
			isa = PBXShellScriptBuildPhase;
			buildActionMask = 2147483647;
			files = (
			);
			inputPaths = (
				"${SRCROOT}/Pods/Target Support Files/Pods-WeatherInHouston/Pods-WeatherInHouston-frameworks.sh",
				"${BUILT_PRODUCTS_DIR}/Alamofire/Alamofire.framework",
				"${BUILT_PRODUCTS_DIR}/SwiftyJSON/SwiftyJSON.framework",
			);
			name = "[CP] Embed Pods Frameworks";
			outputPaths = (
				"${TARGET_BUILD_DIR}/${FRAMEWORKS_FOLDER_PATH}/Alamofire.framework",
				"${TARGET_BUILD_DIR}/${FRAMEWORKS_FOLDER_PATH}/SwiftyJSON.framework",
			);
			runOnlyForDeploymentPostprocessing = 0;
			shellPath = /bin/sh;
			shellScript = "\"${SRCROOT}/Pods/Target Support Files/Pods-WeatherInHouston/Pods-WeatherInHouston-frameworks.sh\"\n";
			showEnvVarsInLog = 0;
		};
		1E3B5CC10C83D069BF0528B9 /* [CP] Copy Pods Resources */ = {
			isa = PBXShellScriptBuildPhase;
			buildActionMask = 2147483647;
			files = (
			);
			inputPaths = (
			);
			name = "[CP] Copy Pods Resources";
			outputPaths = (
			);
			runOnlyForDeploymentPostprocessing = 0;
			shellPath = /bin/sh;
			shellScript = "\"${SRCROOT}/Pods/Target Support Files/Pods-WeatherInHouston/Pods-WeatherInHouston-resources.sh\"\n";
			showEnvVarsInLog = 0;
		};
		5738319A5CDFCD4F4FD71DA1 /* [CP] Check Pods Manifest.lock */ = {
			isa = PBXShellScriptBuildPhase;
			buildActionMask = 2147483647;
			files = (
			);
			inputPaths = (
				"${PODS_PODFILE_DIR_PATH}/Podfile.lock",
				"${PODS_ROOT}/Manifest.lock",
			);
			name = "[CP] Check Pods Manifest.lock";
			outputPaths = (
				"$(DERIVED_FILE_DIR)/Pods-WeatherInHouston-checkManifestLockResult.txt",
			);
			runOnlyForDeploymentPostprocessing = 0;
			shellPath = /bin/sh;
			shellScript = "diff \"${PODS_PODFILE_DIR_PATH}/Podfile.lock\" \"${PODS_ROOT}/Manifest.lock\" > /dev/null\nif [ $? != 0 ] ; then\n    # print error to STDERR\n    echo \"error: The sandbox is not in sync with the Podfile.lock. Run 'pod install' or update your CocoaPods installation.\" >&2\n    exit 1\nfi\n# This output is used by Xcode 'outputs' to avoid re-running this script phase.\necho \"SUCCESS\" > \"${SCRIPT_OUTPUT_FILE_0}\"\n";
			showEnvVarsInLog = 0;
		};
/* End PBXShellScriptBuildPhase section */

/* Begin PBXSourcesBuildPhase section */
		BB84E9F81F4F440E00082C2A /* Sources */ = {
			isa = PBXSourcesBuildPhase;
			buildActionMask = 2147483647;
			files = (
				BB84EA021F4F440E00082C2A /* ViewController.swift in Sources */,
				BB84EA001F4F440E00082C2A /* AppDelegate.swift in Sources */,
				BB18370F1F4FED4A003AED4B /* HoustonTempViewController.swift in Sources */,
			);
			runOnlyForDeploymentPostprocessing = 0;
		};
/* End PBXSourcesBuildPhase section */

/* Begin PBXVariantGroup section */
		BB84EA031F4F440E00082C2A /* Main.storyboard */ = {
			isa = PBXVariantGroup;
			children = (
				BB84EA041F4F440E00082C2A /* Base */,
			);
			name = Main.storyboard;
			sourceTree = "<group>";
		};
		BB84EA081F4F440E00082C2A /* LaunchScreen.storyboard */ = {
			isa = PBXVariantGroup;
			children = (
				BB84EA091F4F440E00082C2A /* Base */,
			);
			name = LaunchScreen.storyboard;
			sourceTree = "<group>";
		};
/* End PBXVariantGroup section */

/* Begin XCBuildConfiguration section */
		BB84EA0C1F4F440E00082C2A /* Debug */ = {
			isa = XCBuildConfiguration;
			buildSettings = {
				ALWAYS_SEARCH_USER_PATHS = NO;
				CLANG_ANALYZER_NONNULL = YES;
				CLANG_ANALYZER_NUMBER_OBJECT_CONVERSION = YES_AGGRESSIVE;
				CLANG_CXX_LANGUAGE_STANDARD = "gnu++0x";
				CLANG_CXX_LIBRARY = "libc++";
				CLANG_ENABLE_MODULES = YES;
				CLANG_ENABLE_OBJC_ARC = YES;
				CLANG_WARN_BOOL_CONVERSION = YES;
				CLANG_WARN_CONSTANT_CONVERSION = YES;
				CLANG_WARN_DIRECT_OBJC_ISA_USAGE = YES_ERROR;
				CLANG_WARN_DOCUMENTATION_COMMENTS = YES;
				CLANG_WARN_EMPTY_BODY = YES;
				CLANG_WARN_ENUM_CONVERSION = YES;
				CLANG_WARN_INFINITE_RECURSION = YES;
				CLANG_WARN_INT_CONVERSION = YES;
				CLANG_WARN_OBJC_ROOT_CLASS = YES_ERROR;
				CLANG_WARN_SUSPICIOUS_MOVE = YES;
				CLANG_WARN_UNREACHABLE_CODE = YES;
				CLANG_WARN__DUPLICATE_METHOD_MATCH = YES;
				"CODE_SIGN_IDENTITY[sdk=iphoneos*]" = "iPhone Developer";
				COPY_PHASE_STRIP = NO;
				DEBUG_INFORMATION_FORMAT = dwarf;
				ENABLE_STRICT_OBJC_MSGSEND = YES;
				ENABLE_TESTABILITY = YES;
				GCC_C_LANGUAGE_STANDARD = gnu99;
				GCC_DYNAMIC_NO_PIC = NO;
				GCC_NO_COMMON_BLOCKS = YES;
				GCC_OPTIMIZATION_LEVEL = 0;
				GCC_PREPROCESSOR_DEFINITIONS = (
					"DEBUG=1",
					"$(inherited)",
				);
				GCC_WARN_64_TO_32_BIT_CONVERSION = YES;
				GCC_WARN_ABOUT_RETURN_TYPE = YES_ERROR;
				GCC_WARN_UNDECLARED_SELECTOR = YES;
				GCC_WARN_UNINITIALIZED_AUTOS = YES_AGGRESSIVE;
				GCC_WARN_UNUSED_FUNCTION = YES;
				GCC_WARN_UNUSED_VARIABLE = YES;
				IPHONEOS_DEPLOYMENT_TARGET = 10.3;
				MTL_ENABLE_DEBUG_INFO = YES;
				ONLY_ACTIVE_ARCH = YES;
				SDKROOT = iphoneos;
				SWIFT_ACTIVE_COMPILATION_CONDITIONS = DEBUG;
				SWIFT_OPTIMIZATION_LEVEL = "-Onone";
			};
			name = Debug;
		};
		BB84EA0D1F4F440E00082C2A /* Release */ = {
			isa = XCBuildConfiguration;
			buildSettings = {
				ALWAYS_SEARCH_USER_PATHS = NO;
				CLANG_ANALYZER_NONNULL = YES;
				CLANG_ANALYZER_NUMBER_OBJECT_CONVERSION = YES_AGGRESSIVE;
				CLANG_CXX_LANGUAGE_STANDARD = "gnu++0x";
				CLANG_CXX_LIBRARY = "libc++";
				CLANG_ENABLE_MODULES = YES;
				CLANG_ENABLE_OBJC_ARC = YES;
				CLANG_WARN_BOOL_CONVERSION = YES;
				CLANG_WARN_CONSTANT_CONVERSION = YES;
				CLANG_WARN_DIRECT_OBJC_ISA_USAGE = YES_ERROR;
				CLANG_WARN_DOCUMENTATION_COMMENTS = YES;
				CLANG_WARN_EMPTY_BODY = YES;
				CLANG_WARN_ENUM_CONVERSION = YES;
				CLANG_WARN_INFINITE_RECURSION = YES;
				CLANG_WARN_INT_CONVERSION = YES;
				CLANG_WARN_OBJC_ROOT_CLASS = YES_ERROR;
				CLANG_WARN_SUSPICIOUS_MOVE = YES;
				CLANG_WARN_UNREACHABLE_CODE = YES;
				CLANG_WARN__DUPLICATE_METHOD_MATCH = YES;
				"CODE_SIGN_IDENTITY[sdk=iphoneos*]" = "iPhone Developer";
				COPY_PHASE_STRIP = NO;
				DEBUG_INFORMATION_FORMAT = "dwarf-with-dsym";
				ENABLE_NS_ASSERTIONS = NO;
				ENABLE_STRICT_OBJC_MSGSEND = YES;
				GCC_C_LANGUAGE_STANDARD = gnu99;
				GCC_NO_COMMON_BLOCKS = YES;
				GCC_WARN_64_TO_32_BIT_CONVERSION = YES;
				GCC_WARN_ABOUT_RETURN_TYPE = YES_ERROR;
				GCC_WARN_UNDECLARED_SELECTOR = YES;
				GCC_WARN_UNINITIALIZED_AUTOS = YES_AGGRESSIVE;
				GCC_WARN_UNUSED_FUNCTION = YES;
				GCC_WARN_UNUSED_VARIABLE = YES;
				IPHONEOS_DEPLOYMENT_TARGET = 10.3;
				MTL_ENABLE_DEBUG_INFO = NO;
				SDKROOT = iphoneos;
				SWIFT_OPTIMIZATION_LEVEL = "-Owholemodule";
				VALIDATE_PRODUCT = YES;
			};
			name = Release;
		};
		BB84EA0F1F4F440E00082C2A /* Debug */ = {
			isa = XCBuildConfiguration;
			baseConfigurationReference = 2B6743240B851399EE926A6B /* Pods-WeatherInHouston.debug.xcconfig */;
			buildSettings = {
				ASSETCATALOG_COMPILER_APPICON_NAME = AppIcon;
				DEVELOPMENT_TEAM = L77E887VX5;
				INFOPLIST_FILE = WeatherInHouston/Info.plist;
				LD_RUNPATH_SEARCH_PATHS = "$(inherited) @executable_path/Frameworks";
				PRODUCT_BUNDLE_IDENTIFIER = com.hxqlin.WeatherInHouston;
				PRODUCT_NAME = "$(TARGET_NAME)";
				SWIFT_VERSION = 3.0;
			};
			name = Debug;
		};
		BB84EA101F4F440E00082C2A /* Release */ = {
			isa = XCBuildConfiguration;
			baseConfigurationReference = 967007A9634BF78007C175F6 /* Pods-WeatherInHouston.release.xcconfig */;
			buildSettings = {
				ASSETCATALOG_COMPILER_APPICON_NAME = AppIcon;
				DEVELOPMENT_TEAM = L77E887VX5;
				INFOPLIST_FILE = WeatherInHouston/Info.plist;
				LD_RUNPATH_SEARCH_PATHS = "$(inherited) @executable_path/Frameworks";
				PRODUCT_BUNDLE_IDENTIFIER = com.hxqlin.WeatherInHouston;
				PRODUCT_NAME = "$(TARGET_NAME)";
				SWIFT_VERSION = 3.0;
			};
			name = Release;
		};
/* End XCBuildConfiguration section */

/* Begin XCConfigurationList section */
		BB84E9F71F4F440E00082C2A /* Build configuration list for PBXProject "WeatherInHouston" */ = {
			isa = XCConfigurationList;
			buildConfigurations = (
				BB84EA0C1F4F440E00082C2A /* Debug */,
				BB84EA0D1F4F440E00082C2A /* Release */,
			);
			defaultConfigurationIsVisible = 0;
			defaultConfigurationName = Release;
		};
		BB84EA0E1F4F440E00082C2A /* Build configuration list for PBXNativeTarget "WeatherInHouston" */ = {
			isa = XCConfigurationList;
			buildConfigurations = (
				BB84EA0F1F4F440E00082C2A /* Debug */,
				BB84EA101F4F440E00082C2A /* Release */,
			);
			defaultConfigurationIsVisible = 0;
			defaultConfigurationName = Release;
		};
/* End XCConfigurationList section */
	};
	rootObject = BB84E9F41F4F440E00082C2A /* Project object */;
}
